{
    "doctrine/annotations": {
        "version": "1.13",
        "recipe": {
            "repo": "github.com/symfony/recipes",
            "branch": "master",
            "version": "1.0",
            "ref": "a2759dd6123694c8d901d0ec80006e044c2e6457"
        },
        "files": [
            "config/routes/annotations.yaml"
        ]
    },
    "doctrine/cache": {
        "version": "2.1.1"
    },
    "doctrine/collections": {
        "version": "1.6.8"
    },
    "doctrine/common": {
        "version": "3.2.1"
    },
    "doctrine/dbal": {
        "version": "3.2.1"
    },
    "doctrine/deprecations": {
        "version": "v0.5.3"
    },
    "doctrine/doctrine-bundle": {
        "version": "2.5",
        "recipe": {
            "repo": "github.com/symfony/recipes",
            "branch": "master",
            "version": "2.4",
            "ref": "f98f1affe028f8153a459d15f220ada3826b5aa2"
        },
        "files": [
            "config/packages/doctrine.yaml",
            "config/packages/prod/doctrine.yaml",
            "config/packages/test/doctrine.yaml",
            "src/Entity/.gitignore",
            "src/Repository/.gitignore"
        ]
    },
    "doctrine/doctrine-migrations-bundle": {
        "version": "3.2",
        "recipe": {
            "repo": "github.com/symfony/recipes",
            "branch": "master",
            "version": "3.1",
            "ref": "ee609429c9ee23e22d6fa5728211768f51ed2818"
        },
        "files": [
            "config/packages/doctrine_migrations.yaml",
            "migrations/.gitignore"
        ]
    },
    "doctrine/event-manager": {
        "version": "1.1.1"
    },
    "doctrine/inflector": {
        "version": "2.0.4"
    },
    "doctrine/instantiator": {
        "version": "1.4.0"
    },
    "doctrine/lexer": {
        "version": "1.2.2"
    },
    "doctrine/migrations": {
        "version": "3.3.2"
    },
    "doctrine/orm": {
        "version": "2.11.0"
    },
    "doctrine/persistence": {
        "version": "2.3.0"
    },
    "doctrine/sql-formatter": {
        "version": "1.1.2"
    },
    "friendsofphp/proxy-manager-lts": {
        "version": "v1.0.5"
    },
    "laminas/laminas-code": {
        "version": "4.5.1"
    },
    "psr/cache": {
        "version": "3.0.0"
    },
    "psr/container": {
        "version": "2.0.2"
    },
    "psr/event-dispatcher": {
        "version": "1.0.0"
    },
    "psr/link": {
        "version": "2.0.1"
    },
    "psr/log": {
        "version": "3.0.0"
    },
    "roave/security-advisories": {
        "version": "dev-latest"
    },
    "symfony/contracts": {
        "version": "v3.0.0"
    },
    "symfony/flex": {
        "version": "2.0",
        "recipe": {
            "repo": "github.com/symfony/recipes",
            "branch": "master",
            "version": "1.0",
            "ref": "c0eeb50665f0f77226616b6038a9b06c03752d8e"
        },
        "files": [
            ".env"
        ]
    },
    "symfony/polyfill-ctype": {
        "version": "v1.24.0"
    },
    "symfony/polyfill-intl-grapheme": {
        "version": "v1.24.0"
    },
    "symfony/polyfill-intl-icu": {
        "version": "v1.24.0"
    },
    "symfony/polyfill-intl-idn": {
        "version": "v1.24.0"
    },
    "symfony/polyfill-intl-normalizer": {
        "version": "v1.24.0"
    },
    "symfony/polyfill-mbstring": {
        "version": "v1.24.0"
    },
    "symfony/polyfill-php72": {
        "version": "v1.24.0"
    },
    "symfony/polyfill-php80": {
        "version": "v1.24.0"
    },
    "symfony/polyfill-php81": {
        "version": "v1.24.0"
    },
    "symfony/polyfill-uuid": {
        "version": "v1.24.0"
    },
    "symfony/symfony": {
        "version": "v6.0.2"
    },
    "symplify/easy-coding-standard": {
        "version": "10.0.9"
    },
    "twig/twig": {
        "version": "v3.3.7"
    },
    "zircote/swagger-php": {
        "version": "4.2.1"
    }
}
